// !$*UTF8*$!
{
	archiveVersion = 1;
	classes = {
	};
	objectVersion = 50;
	objects = {

/* Begin PBXBuildFile section */
		FC25411724A31DEA006363CC /* AppDelegate.swift in Sources */ = {isa = PBXBuildFile; fileRef = FC25411624A31DEA006363CC /* AppDelegate.swift */; };
		FC25411924A31DEA006363CC /* SceneDelegate.swift in Sources */ = {isa = PBXBuildFile; fileRef = FC25411824A31DEA006363CC /* SceneDelegate.swift */; };
		FC25411B24A31DEA006363CC /* HomeVC.swift in Sources */ = {isa = PBXBuildFile; fileRef = FC25411A24A31DEA006363CC /* HomeVC.swift */; };
		FC25411E24A31DEA006363CC /* Main.storyboard in Resources */ = {isa = PBXBuildFile; fileRef = FC25411C24A31DEA006363CC /* Main.storyboard */; };
		FC25412024A31DEB006363CC /* Assets.xcassets in Resources */ = {isa = PBXBuildFile; fileRef = FC25411F24A31DEB006363CC /* Assets.xcassets */; };
		FC25412324A31DEB006363CC /* LaunchScreen.storyboard in Resources */ = {isa = PBXBuildFile; fileRef = FC25412124A31DEB006363CC /* LaunchScreen.storyboard */; };
		FC25412B24A31E45006363CC /* Config.plist in Resources */ = {isa = PBXBuildFile; fileRef = FC25412A24A31E45006363CC /* Config.plist */; };
		FC25412E24A31F2F006363CC /* Config.swift in Sources */ = {isa = PBXBuildFile; fileRef = FC25412D24A31F2F006363CC /* Config.swift */; };
		FC25413024A3263B006363CC /* README.md in Resources */ = {isa = PBXBuildFile; fileRef = FC25412F24A3263B006363CC /* README.md */; };
		FC25413624A32D30006363CC /* MovieCell.swift in Sources */ = {isa = PBXBuildFile; fileRef = FC25413424A32D30006363CC /* MovieCell.swift */; };
		FC25413724A32D30006363CC /* MovieCell.xib in Resources */ = {isa = PBXBuildFile; fileRef = FC25413524A32D30006363CC /* MovieCell.xib */; };
		FC25413A24A32FC3006363CC /* MovieItem.swift in Sources */ = {isa = PBXBuildFile; fileRef = FC25413824A32FC3006363CC /* MovieItem.swift */; };
		FC25413B24A32FC3006363CC /* MovieItem.xib in Resources */ = {isa = PBXBuildFile; fileRef = FC25413924A32FC3006363CC /* MovieItem.xib */; };
		FC25413E24A342C8006363CC /* Movie.swift in Sources */ = {isa = PBXBuildFile; fileRef = FC25413D24A342C8006363CC /* Movie.swift */; };
		FC25414124A342FC006363CC /* ApiService.swift in Sources */ = {isa = PBXBuildFile; fileRef = FC25414024A342FC006363CC /* ApiService.swift */; };
		FC25414324A34488006363CC /* MovieService.swift in Sources */ = {isa = PBXBuildFile; fileRef = FC25414224A34488006363CC /* MovieService.swift */; };
		FC25414524A365FD006363CC /* MovieListVC.swift in Sources */ = {isa = PBXBuildFile; fileRef = FC25414424A365FD006363CC /* MovieListVC.swift */; };
		FC25414824A368DA006363CC /* MovieListDelegate.swift in Sources */ = {isa = PBXBuildFile; fileRef = FC25414724A368DA006363CC /* MovieListDelegate.swift */; };
		FC25414A24A36DE8006363CC /* Constants.swift in Sources */ = {isa = PBXBuildFile; fileRef = FC25414924A36DE8006363CC /* Constants.swift */; };
		FC25414C24A37141006363CC /* MovieDetailVC.swift in Sources */ = {isa = PBXBuildFile; fileRef = FC25414B24A37141006363CC /* MovieDetailVC.swift */; };
		FC25415024A37D56006363CC /* DateFormatter.swift in Sources */ = {isa = PBXBuildFile; fileRef = FC25414F24A37D56006363CC /* DateFormatter.swift */; };
		FCFEC05724A3819500A19B54 /* MainVC.swift in Sources */ = {isa = PBXBuildFile; fileRef = FCFEC05524A3819500A19B54 /* MainVC.swift */; };
		FCFEC05824A3819500A19B54 /* MainVC.xib in Resources */ = {isa = PBXBuildFile; fileRef = FCFEC05624A3819500A19B54 /* MainVC.xib */; };
		FCFEC05D24A3820200A19B54 /* VideosVC.swift in Sources */ = {isa = PBXBuildFile; fileRef = FCFEC05B24A3820200A19B54 /* VideosVC.swift */; };
		FCFEC05E24A3820200A19B54 /* VideosVC.xib in Resources */ = {isa = PBXBuildFile; fileRef = FCFEC05C24A3820200A19B54 /* VideosVC.xib */; };
		FCFEC06124A3821A00A19B54 /* ReviewsVC.swift in Sources */ = {isa = PBXBuildFile; fileRef = FCFEC05F24A3821A00A19B54 /* ReviewsVC.swift */; };
		FCFEC06224A3821A00A19B54 /* ReviewsVC.xib in Resources */ = {isa = PBXBuildFile; fileRef = FCFEC06024A3821A00A19B54 /* ReviewsVC.xib */; };
		FCFEC06524A4427600A19B54 /* OverviewCell.swift in Sources */ = {isa = PBXBuildFile; fileRef = FCFEC06324A4427600A19B54 /* OverviewCell.swift */; };
		FCFEC06624A4427600A19B54 /* OverviewCell.xib in Resources */ = {isa = PBXBuildFile; fileRef = FCFEC06424A4427600A19B54 /* OverviewCell.xib */; };
		FCFEC06924A451E500A19B54 /* TopCreditCell.swift in Sources */ = {isa = PBXBuildFile; fileRef = FCFEC06724A451E500A19B54 /* TopCreditCell.swift */; };
		FCFEC06A24A451E500A19B54 /* TopCreditCell.xib in Resources */ = {isa = PBXBuildFile; fileRef = FCFEC06824A451E500A19B54 /* TopCreditCell.xib */; };
		FCFEC06D24A4552F00A19B54 /* TopCreditItem.swift in Sources */ = {isa = PBXBuildFile; fileRef = FCFEC06B24A4552F00A19B54 /* TopCreditItem.swift */; };
		FCFEC06E24A4552F00A19B54 /* TopCreditItem.xib in Resources */ = {isa = PBXBuildFile; fileRef = FCFEC06C24A4552F00A19B54 /* TopCreditItem.xib */; };
		FCFEC07024A45E9100A19B54 /* Credits.swift in Sources */ = {isa = PBXBuildFile; fileRef = FCFEC06F24A45E9100A19B54 /* Credits.swift */; };
		FCFEC07224A460E300A19B54 /* MovieCreditsService.swift in Sources */ = {isa = PBXBuildFile; fileRef = FCFEC07124A460E300A19B54 /* MovieCreditsService.swift */; };
		FCFEC07424A4861C00A19B54 /* CreditDetailVC.swift in Sources */ = {isa = PBXBuildFile; fileRef = FCFEC07324A4861C00A19B54 /* CreditDetailVC.swift */; };
		FCFEC07624A487C700A19B54 /* CreditDetailDelegate.swift in Sources */ = {isa = PBXBuildFile; fileRef = FCFEC07524A487C700A19B54 /* CreditDetailDelegate.swift */; };
		FCFEC07A24A493CD00A19B54 /* Person.swift in Sources */ = {isa = PBXBuildFile; fileRef = FCFEC07924A493CD00A19B54 /* Person.swift */; };
		FCFEC07E24A49E1500A19B54 /* BiographyCell.swift in Sources */ = {isa = PBXBuildFile; fileRef = FCFEC07C24A49E1500A19B54 /* BiographyCell.swift */; };
		FCFEC07F24A49E1500A19B54 /* BiographyCell.xib in Resources */ = {isa = PBXBuildFile; fileRef = FCFEC07D24A49E1500A19B54 /* BiographyCell.xib */; };
		FCFEC08224A4A2B800A19B54 /* MoviesCell.swift in Sources */ = {isa = PBXBuildFile; fileRef = FCFEC08024A4A2B800A19B54 /* MoviesCell.swift */; };
		FCFEC08324A4A2B800A19B54 /* MoviesCell.xib in Resources */ = {isa = PBXBuildFile; fileRef = FCFEC08124A4A2B800A19B54 /* MoviesCell.xib */; };
		FCFEC08624A4A52500A19B54 /* MoviesItem.swift in Sources */ = {isa = PBXBuildFile; fileRef = FCFEC08424A4A52500A19B54 /* MoviesItem.swift */; };
		FCFEC08724A4A52500A19B54 /* MoviesItem.xib in Resources */ = {isa = PBXBuildFile; fileRef = FCFEC08524A4A52500A19B54 /* MoviesItem.xib */; };
		FCFEC08924A4AB8300A19B54 /* DiscoverService.swift in Sources */ = {isa = PBXBuildFile; fileRef = FCFEC08824A4AB8300A19B54 /* DiscoverService.swift */; };
		FCFEC08C24A4BEF200A19B54 /* VideosCell.swift in Sources */ = {isa = PBXBuildFile; fileRef = FCFEC08A24A4BEF200A19B54 /* VideosCell.swift */; };
		FCFEC08D24A4BEF200A19B54 /* VideosCell.xib in Resources */ = {isa = PBXBuildFile; fileRef = FCFEC08B24A4BEF200A19B54 /* VideosCell.xib */; };
		FCFEC08F24A4C21000A19B54 /* Videos.swift in Sources */ = {isa = PBXBuildFile; fileRef = FCFEC08E24A4C21000A19B54 /* Videos.swift */; };
		FCFEC09124A4C48900A19B54 /* VideosService.swift in Sources */ = {isa = PBXBuildFile; fileRef = FCFEC09024A4C48900A19B54 /* VideosService.swift */; };
		FCFEC09624A4DF3E00A19B54 /* ReviewsCell.swift in Sources */ = {isa = PBXBuildFile; fileRef = FCFEC09424A4DF3E00A19B54 /* ReviewsCell.swift */; };
		FCFEC09724A4DF3E00A19B54 /* ReviewsCell.xib in Resources */ = {isa = PBXBuildFile; fileRef = FCFEC09524A4DF3E00A19B54 /* ReviewsCell.xib */; };
		FCFEC09924A4E0B400A19B54 /* Reviews.swift in Sources */ = {isa = PBXBuildFile; fileRef = FCFEC09824A4E0B400A19B54 /* Reviews.swift */; };
		FCFEC09B24A4E27400A19B54 /* ReviewsService.swift in Sources */ = {isa = PBXBuildFile; fileRef = FCFEC09A24A4E27400A19B54 /* ReviewsService.swift */; };
		FCFEC0A124A4E66500A19B54 /* GenresCell.swift in Sources */ = {isa = PBXBuildFile; fileRef = FCFEC09F24A4E66500A19B54 /* GenresCell.swift */; };
		FCFEC0A224A4E66500A19B54 /* GenresCell.xib in Resources */ = {isa = PBXBuildFile; fileRef = FCFEC0A024A4E66500A19B54 /* GenresCell.xib */; };
		FCFEC0A524A4E75A00A19B54 /* GenresItem.swift in Sources */ = {isa = PBXBuildFile; fileRef = FCFEC0A324A4E75A00A19B54 /* GenresItem.swift */; };
		FCFEC0A624A4E75A00A19B54 /* GenresItem.xib in Resources */ = {isa = PBXBuildFile; fileRef = FCFEC0A424A4E75A00A19B54 /* GenresItem.xib */; };
		FCFEC0A824A4EB4800A19B54 /* Genres.swift in Sources */ = {isa = PBXBuildFile; fileRef = FCFEC0A724A4EB4800A19B54 /* Genres.swift */; };
		FCFEC0AA24A4EC2000A19B54 /* GenreService.swift in Sources */ = {isa = PBXBuildFile; fileRef = FCFEC0A924A4EC2000A19B54 /* GenreService.swift */; };
		FCFEC0AC24A4F13B00A19B54 /* GenreDelegate.swift in Sources */ = {isa = PBXBuildFile; fileRef = FCFEC0AB24A4F13B00A19B54 /* GenreDelegate.swift */; };
		FCFEC0B024A4FA3A00A19B54 /* MovieListCell.swift in Sources */ = {isa = PBXBuildFile; fileRef = FCFEC0AE24A4FA3A00A19B54 /* MovieListCell.swift */; };
		FCFEC0B124A4FA3A00A19B54 /* MovieListCell.xib in Resources */ = {isa = PBXBuildFile; fileRef = FCFEC0AF24A4FA3A00A19B54 /* MovieListCell.xib */; };
/* End PBXBuildFile section */

/* Begin PBXFileReference section */
		FC25411324A31DEA006363CC /* CineMix.app */ = {isa = PBXFileReference; explicitFileType = wrapper.application; includeInIndex = 0; path = CineMix.app; sourceTree = BUILT_PRODUCTS_DIR; };
		FC25411624A31DEA006363CC /* AppDelegate.swift */ = {isa = PBXFileReference; lastKnownFileType = sourcecode.swift; path = AppDelegate.swift; sourceTree = "<group>"; };
		FC25411824A31DEA006363CC /* SceneDelegate.swift */ = {isa = PBXFileReference; lastKnownFileType = sourcecode.swift; path = SceneDelegate.swift; sourceTree = "<group>"; };
		FC25411A24A31DEA006363CC /* HomeVC.swift */ = {isa = PBXFileReference; lastKnownFileType = sourcecode.swift; path = HomeVC.swift; sourceTree = "<group>"; };
		FC25411D24A31DEA006363CC /* Base */ = {isa = PBXFileReference; lastKnownFileType = file.storyboard; name = Base; path = Base.lproj/Main.storyboard; sourceTree = "<group>"; };
		FC25411F24A31DEB006363CC /* Assets.xcassets */ = {isa = PBXFileReference; lastKnownFileType = folder.assetcatalog; path = Assets.xcassets; sourceTree = "<group>"; };
		FC25412224A31DEB006363CC /* Base */ = {isa = PBXFileReference; lastKnownFileType = file.storyboard; name = Base; path = Base.lproj/LaunchScreen.storyboard; sourceTree = "<group>"; };
		FC25412424A31DEB006363CC /* Info.plist */ = {isa = PBXFileReference; lastKnownFileType = text.plist.xml; path = Info.plist; sourceTree = "<group>"; };
		FC25412A24A31E45006363CC /* Config.plist */ = {isa = PBXFileReference; lastKnownFileType = text.plist.xml; path = Config.plist; sourceTree = "<group>"; };
		FC25412D24A31F2F006363CC /* Config.swift */ = {isa = PBXFileReference; lastKnownFileType = sourcecode.swift; path = Config.swift; sourceTree = "<group>"; };
		FC25412F24A3263B006363CC /* README.md */ = {isa = PBXFileReference; lastKnownFileType = net.daringfireball.markdown; path = README.md; sourceTree = "<group>"; };
		FC25413424A32D30006363CC /* MovieCell.swift */ = {isa = PBXFileReference; lastKnownFileType = sourcecode.swift; path = MovieCell.swift; sourceTree = "<group>"; };
		FC25413524A32D30006363CC /* MovieCell.xib */ = {isa = PBXFileReference; lastKnownFileType = file.xib; path = MovieCell.xib; sourceTree = "<group>"; };
		FC25413824A32FC3006363CC /* MovieItem.swift */ = {isa = PBXFileReference; lastKnownFileType = sourcecode.swift; path = MovieItem.swift; sourceTree = "<group>"; };
		FC25413924A32FC3006363CC /* MovieItem.xib */ = {isa = PBXFileReference; lastKnownFileType = file.xib; path = MovieItem.xib; sourceTree = "<group>"; };
		FC25413D24A342C8006363CC /* Movie.swift */ = {isa = PBXFileReference; lastKnownFileType = sourcecode.swift; path = Movie.swift; sourceTree = "<group>"; };
		FC25414024A342FC006363CC /* ApiService.swift */ = {isa = PBXFileReference; lastKnownFileType = sourcecode.swift; path = ApiService.swift; sourceTree = "<group>"; };
		FC25414224A34488006363CC /* MovieService.swift */ = {isa = PBXFileReference; lastKnownFileType = sourcecode.swift; path = MovieService.swift; sourceTree = "<group>"; };
		FC25414424A365FD006363CC /* MovieListVC.swift */ = {isa = PBXFileReference; lastKnownFileType = sourcecode.swift; path = MovieListVC.swift; sourceTree = "<group>"; };
		FC25414724A368DA006363CC /* MovieListDelegate.swift */ = {isa = PBXFileReference; lastKnownFileType = sourcecode.swift; path = MovieListDelegate.swift; sourceTree = "<group>"; };
		FC25414924A36DE8006363CC /* Constants.swift */ = {isa = PBXFileReference; lastKnownFileType = sourcecode.swift; path = Constants.swift; sourceTree = "<group>"; };
		FC25414B24A37141006363CC /* MovieDetailVC.swift */ = {isa = PBXFileReference; lastKnownFileType = sourcecode.swift; path = MovieDetailVC.swift; sourceTree = "<group>"; };
		FC25414F24A37D56006363CC /* DateFormatter.swift */ = {isa = PBXFileReference; lastKnownFileType = sourcecode.swift; path = DateFormatter.swift; sourceTree = "<group>"; };
		FCFEC05524A3819500A19B54 /* MainVC.swift */ = {isa = PBXFileReference; lastKnownFileType = sourcecode.swift; path = MainVC.swift; sourceTree = "<group>"; };
		FCFEC05624A3819500A19B54 /* MainVC.xib */ = {isa = PBXFileReference; lastKnownFileType = file.xib; path = MainVC.xib; sourceTree = "<group>"; };
		FCFEC05B24A3820200A19B54 /* VideosVC.swift */ = {isa = PBXFileReference; lastKnownFileType = sourcecode.swift; path = VideosVC.swift; sourceTree = "<group>"; };
		FCFEC05C24A3820200A19B54 /* VideosVC.xib */ = {isa = PBXFileReference; lastKnownFileType = file.xib; path = VideosVC.xib; sourceTree = "<group>"; };
		FCFEC05F24A3821A00A19B54 /* ReviewsVC.swift */ = {isa = PBXFileReference; lastKnownFileType = sourcecode.swift; path = ReviewsVC.swift; sourceTree = "<group>"; };
		FCFEC06024A3821A00A19B54 /* ReviewsVC.xib */ = {isa = PBXFileReference; lastKnownFileType = file.xib; path = ReviewsVC.xib; sourceTree = "<group>"; };
		FCFEC06324A4427600A19B54 /* OverviewCell.swift */ = {isa = PBXFileReference; lastKnownFileType = sourcecode.swift; path = OverviewCell.swift; sourceTree = "<group>"; };
		FCFEC06424A4427600A19B54 /* OverviewCell.xib */ = {isa = PBXFileReference; lastKnownFileType = file.xib; path = OverviewCell.xib; sourceTree = "<group>"; };
		FCFEC06724A451E500A19B54 /* TopCreditCell.swift */ = {isa = PBXFileReference; lastKnownFileType = sourcecode.swift; path = TopCreditCell.swift; sourceTree = "<group>"; };
		FCFEC06824A451E500A19B54 /* TopCreditCell.xib */ = {isa = PBXFileReference; lastKnownFileType = file.xib; path = TopCreditCell.xib; sourceTree = "<group>"; };
		FCFEC06B24A4552F00A19B54 /* TopCreditItem.swift */ = {isa = PBXFileReference; lastKnownFileType = sourcecode.swift; path = TopCreditItem.swift; sourceTree = "<group>"; };
		FCFEC06C24A4552F00A19B54 /* TopCreditItem.xib */ = {isa = PBXFileReference; lastKnownFileType = file.xib; path = TopCreditItem.xib; sourceTree = "<group>"; };
		FCFEC06F24A45E9100A19B54 /* Credits.swift */ = {isa = PBXFileReference; lastKnownFileType = sourcecode.swift; path = Credits.swift; sourceTree = "<group>"; };
		FCFEC07124A460E300A19B54 /* MovieCreditsService.swift */ = {isa = PBXFileReference; lastKnownFileType = sourcecode.swift; path = MovieCreditsService.swift; sourceTree = "<group>"; };
		FCFEC07324A4861C00A19B54 /* CreditDetailVC.swift */ = {isa = PBXFileReference; lastKnownFileType = sourcecode.swift; path = CreditDetailVC.swift; sourceTree = "<group>"; };
		FCFEC07524A487C700A19B54 /* CreditDetailDelegate.swift */ = {isa = PBXFileReference; lastKnownFileType = sourcecode.swift; path = CreditDetailDelegate.swift; sourceTree = "<group>"; };
		FCFEC07924A493CD00A19B54 /* Person.swift */ = {isa = PBXFileReference; lastKnownFileType = sourcecode.swift; path = Person.swift; sourceTree = "<group>"; };
		FCFEC07C24A49E1500A19B54 /* BiographyCell.swift */ = {isa = PBXFileReference; lastKnownFileType = sourcecode.swift; path = BiographyCell.swift; sourceTree = "<group>"; };
		FCFEC07D24A49E1500A19B54 /* BiographyCell.xib */ = {isa = PBXFileReference; lastKnownFileType = file.xib; path = BiographyCell.xib; sourceTree = "<group>"; };
		FCFEC08024A4A2B800A19B54 /* MoviesCell.swift */ = {isa = PBXFileReference; lastKnownFileType = sourcecode.swift; path = MoviesCell.swift; sourceTree = "<group>"; };
		FCFEC08124A4A2B800A19B54 /* MoviesCell.xib */ = {isa = PBXFileReference; lastKnownFileType = file.xib; path = MoviesCell.xib; sourceTree = "<group>"; };
		FCFEC08424A4A52500A19B54 /* MoviesItem.swift */ = {isa = PBXFileReference; lastKnownFileType = sourcecode.swift; path = MoviesItem.swift; sourceTree = "<group>"; };
		FCFEC08524A4A52500A19B54 /* MoviesItem.xib */ = {isa = PBXFileReference; lastKnownFileType = file.xib; path = MoviesItem.xib; sourceTree = "<group>"; };
		FCFEC08824A4AB8300A19B54 /* DiscoverService.swift */ = {isa = PBXFileReference; lastKnownFileType = sourcecode.swift; path = DiscoverService.swift; sourceTree = "<group>"; };
		FCFEC08A24A4BEF200A19B54 /* VideosCell.swift */ = {isa = PBXFileReference; lastKnownFileType = sourcecode.swift; path = VideosCell.swift; sourceTree = "<group>"; };
		FCFEC08B24A4BEF200A19B54 /* VideosCell.xib */ = {isa = PBXFileReference; lastKnownFileType = file.xib; path = VideosCell.xib; sourceTree = "<group>"; };
		FCFEC08E24A4C21000A19B54 /* Videos.swift */ = {isa = PBXFileReference; lastKnownFileType = sourcecode.swift; path = Videos.swift; sourceTree = "<group>"; };
		FCFEC09024A4C48900A19B54 /* VideosService.swift */ = {isa = PBXFileReference; lastKnownFileType = sourcecode.swift; path = VideosService.swift; sourceTree = "<group>"; };
		FCFEC09424A4DF3E00A19B54 /* ReviewsCell.swift */ = {isa = PBXFileReference; lastKnownFileType = sourcecode.swift; path = ReviewsCell.swift; sourceTree = "<group>"; };
		FCFEC09524A4DF3E00A19B54 /* ReviewsCell.xib */ = {isa = PBXFileReference; lastKnownFileType = file.xib; path = ReviewsCell.xib; sourceTree = "<group>"; };
		FCFEC09824A4E0B400A19B54 /* Reviews.swift */ = {isa = PBXFileReference; lastKnownFileType = sourcecode.swift; path = Reviews.swift; sourceTree = "<group>"; };
		FCFEC09A24A4E27400A19B54 /* ReviewsService.swift */ = {isa = PBXFileReference; lastKnownFileType = sourcecode.swift; path = ReviewsService.swift; sourceTree = "<group>"; };
		FCFEC09F24A4E66500A19B54 /* GenresCell.swift */ = {isa = PBXFileReference; lastKnownFileType = sourcecode.swift; path = GenresCell.swift; sourceTree = "<group>"; };
		FCFEC0A024A4E66500A19B54 /* GenresCell.xib */ = {isa = PBXFileReference; lastKnownFileType = file.xib; path = GenresCell.xib; sourceTree = "<group>"; };
		FCFEC0A324A4E75A00A19B54 /* GenresItem.swift */ = {isa = PBXFileReference; lastKnownFileType = sourcecode.swift; path = GenresItem.swift; sourceTree = "<group>"; };
		FCFEC0A424A4E75A00A19B54 /* GenresItem.xib */ = {isa = PBXFileReference; lastKnownFileType = file.xib; path = GenresItem.xib; sourceTree = "<group>"; };
		FCFEC0A724A4EB4800A19B54 /* Genres.swift */ = {isa = PBXFileReference; lastKnownFileType = sourcecode.swift; path = Genres.swift; sourceTree = "<group>"; };
		FCFEC0A924A4EC2000A19B54 /* GenreService.swift */ = {isa = PBXFileReference; lastKnownFileType = sourcecode.swift; path = GenreService.swift; sourceTree = "<group>"; };
		FCFEC0AB24A4F13B00A19B54 /* GenreDelegate.swift */ = {isa = PBXFileReference; lastKnownFileType = sourcecode.swift; path = GenreDelegate.swift; sourceTree = "<group>"; };
		FCFEC0AE24A4FA3A00A19B54 /* MovieListCell.swift */ = {isa = PBXFileReference; lastKnownFileType = sourcecode.swift; path = MovieListCell.swift; sourceTree = "<group>"; };
		FCFEC0AF24A4FA3A00A19B54 /* MovieListCell.xib */ = {isa = PBXFileReference; lastKnownFileType = file.xib; path = MovieListCell.xib; sourceTree = "<group>"; };
/* End PBXFileReference section */

/* Begin PBXFrameworksBuildPhase section */
		FC25411024A31DEA006363CC /* Frameworks */ = {
			isa = PBXFrameworksBuildPhase;
			buildActionMask = 2147483647;
			files = (
			);
			runOnlyForDeploymentPostprocessing = 0;
		};
/* End PBXFrameworksBuildPhase section */

/* Begin PBXGroup section */
		FC25410A24A31DEA006363CC = {
			isa = PBXGroup;
			children = (
				FC25411524A31DEA006363CC /* CineMix */,
				FC25411424A31DEA006363CC /* Products */,
			);
			sourceTree = "<group>";
		};
		FC25411424A31DEA006363CC /* Products */ = {
			isa = PBXGroup;
			children = (
				FC25411324A31DEA006363CC /* CineMix.app */,
			);
			name = Products;
			sourceTree = "<group>";
		};
		FC25411524A31DEA006363CC /* CineMix */ = {
			isa = PBXGroup;
			children = (
				FC25413C24A342A0006363CC /* Model */,
				FC25413124A329DC006363CC /* View */,
				FC25413224A32A20006363CC /* Controller */,
				FC25414624A368B7006363CC /* Protocols */,
				FC25413F24A342DC006363CC /* Networks */,
				FC25412C24A31EF4006363CC /* Helpers */,
				FC25411624A31DEA006363CC /* AppDelegate.swift */,
				FC25411824A31DEA006363CC /* SceneDelegate.swift */,
				FC25411F24A31DEB006363CC /* Assets.xcassets */,
				FC25412424A31DEB006363CC /* Info.plist */,
				FC25412A24A31E45006363CC /* Config.plist */,
				FC25412F24A3263B006363CC /* README.md */,
			);
			path = CineMix;
			sourceTree = "<group>";
		};
		FC25412C24A31EF4006363CC /* Helpers */ = {
			isa = PBXGroup;
			children = (
				FC25412D24A31F2F006363CC /* Config.swift */,
				FC25414924A36DE8006363CC /* Constants.swift */,
				FC25414F24A37D56006363CC /* DateFormatter.swift */,
			);
			path = Helpers;
			sourceTree = "<group>";
		};
		FC25413124A329DC006363CC /* View */ = {
			isa = PBXGroup;
			children = (
				FC25412124A31DEB006363CC /* LaunchScreen.storyboard */,
				FC25411C24A31DEA006363CC /* Main.storyboard */,
				FC25413324A32CE2006363CC /* Movie */,
				FCFEC09C24A4E62800A19B54 /* Genres */,
				FCFEC0AD24A4F98200A19B54 /* Movie List */,
				FCFEC05324A3817000A19B54 /* Movie Detail */,
				FCFEC07B24A49DE600A19B54 /* Credit Detail */,
			);
			path = View;
			sourceTree = "<group>";
		};
		FC25413224A32A20006363CC /* Controller */ = {
			isa = PBXGroup;
			children = (
				FC25411A24A31DEA006363CC /* HomeVC.swift */,
				FC25414424A365FD006363CC /* MovieListVC.swift */,
				FC25414B24A37141006363CC /* MovieDetailVC.swift */,
				FCFEC07324A4861C00A19B54 /* CreditDetailVC.swift */,
			);
			path = Controller;
			sourceTree = "<group>";
		};
		FC25413324A32CE2006363CC /* Movie */ = {
			isa = PBXGroup;
			children = (
				FC25413424A32D30006363CC /* MovieCell.swift */,
				FC25413524A32D30006363CC /* MovieCell.xib */,
				FC25413824A32FC3006363CC /* MovieItem.swift */,
				FC25413924A32FC3006363CC /* MovieItem.xib */,
			);
			path = Movie;
			sourceTree = "<group>";
		};
		FC25413C24A342A0006363CC /* Model */ = {
			isa = PBXGroup;
			children = (
				FC25413D24A342C8006363CC /* Movie.swift */,
				FCFEC06F24A45E9100A19B54 /* Credits.swift */,
				FCFEC07924A493CD00A19B54 /* Person.swift */,
				FCFEC08E24A4C21000A19B54 /* Videos.swift */,
				FCFEC09824A4E0B400A19B54 /* Reviews.swift */,
				FCFEC0A724A4EB4800A19B54 /* Genres.swift */,
			);
			path = Model;
			sourceTree = "<group>";
		};
		FC25413F24A342DC006363CC /* Networks */ = {
			isa = PBXGroup;
			children = (
				FC25414024A342FC006363CC /* ApiService.swift */,
				FC25414224A34488006363CC /* MovieService.swift */,
				FCFEC07124A460E300A19B54 /* MovieCreditsService.swift */,
				FCFEC08824A4AB8300A19B54 /* DiscoverService.swift */,
				FCFEC09024A4C48900A19B54 /* VideosService.swift */,
				FCFEC09A24A4E27400A19B54 /* ReviewsService.swift */,
				FCFEC0A924A4EC2000A19B54 /* GenreService.swift */,
			);
			path = Networks;
			sourceTree = "<group>";
		};
		FC25414624A368B7006363CC /* Protocols */ = {
			isa = PBXGroup;
			children = (
				FC25414724A368DA006363CC /* MovieListDelegate.swift */,
				FCFEC07524A487C700A19B54 /* CreditDetailDelegate.swift */,
				FCFEC0AB24A4F13B00A19B54 /* GenreDelegate.swift */,
			);
			path = Protocols;
			sourceTree = "<group>";
		};
		FCFEC05324A3817000A19B54 /* Movie Detail */ = {
			isa = PBXGroup;
			children = (
				FCFEC05424A3818200A19B54 /* Main */,
				FCFEC05924A381D200A19B54 /* Videos */,
				FCFEC05A24A381DC00A19B54 /* Reviews */,
			);
			path = "Movie Detail";
			sourceTree = "<group>";
		};
		FCFEC05424A3818200A19B54 /* Main */ = {
			isa = PBXGroup;
			children = (
				FCFEC05524A3819500A19B54 /* MainVC.swift */,
				FCFEC05624A3819500A19B54 /* MainVC.xib */,
				FCFEC06324A4427600A19B54 /* OverviewCell.swift */,
				FCFEC06424A4427600A19B54 /* OverviewCell.xib */,
				FCFEC06724A451E500A19B54 /* TopCreditCell.swift */,
				FCFEC06824A451E500A19B54 /* TopCreditCell.xib */,
				FCFEC06B24A4552F00A19B54 /* TopCreditItem.swift */,
				FCFEC06C24A4552F00A19B54 /* TopCreditItem.xib */,
			);
			path = Main;
			sourceTree = "<group>";
		};
		FCFEC05924A381D200A19B54 /* Videos */ = {
			isa = PBXGroup;
			children = (
				FCFEC05B24A3820200A19B54 /* VideosVC.swift */,
				FCFEC05C24A3820200A19B54 /* VideosVC.xib */,
				FCFEC08A24A4BEF200A19B54 /* VideosCell.swift */,
				FCFEC08B24A4BEF200A19B54 /* VideosCell.xib */,
			);
			path = Videos;
			sourceTree = "<group>";
		};
		FCFEC05A24A381DC00A19B54 /* Reviews */ = {
			isa = PBXGroup;
			children = (
				FCFEC05F24A3821A00A19B54 /* ReviewsVC.swift */,
				FCFEC06024A3821A00A19B54 /* ReviewsVC.xib */,
				FCFEC09424A4DF3E00A19B54 /* ReviewsCell.swift */,
				FCFEC09524A4DF3E00A19B54 /* ReviewsCell.xib */,
			);
			path = Reviews;
			sourceTree = "<group>";
		};
		FCFEC07B24A49DE600A19B54 /* Credit Detail */ = {
			isa = PBXGroup;
			children = (
				FCFEC07C24A49E1500A19B54 /* BiographyCell.swift */,
				FCFEC07D24A49E1500A19B54 /* BiographyCell.xib */,
				FCFEC08024A4A2B800A19B54 /* MoviesCell.swift */,
				FCFEC08124A4A2B800A19B54 /* MoviesCell.xib */,
				FCFEC08424A4A52500A19B54 /* MoviesItem.swift */,
				FCFEC08524A4A52500A19B54 /* MoviesItem.xib */,
			);
			path = "Credit Detail";
			sourceTree = "<group>";
		};
		FCFEC09C24A4E62800A19B54 /* Genres */ = {
			isa = PBXGroup;
			children = (
				FCFEC09F24A4E66500A19B54 /* GenresCell.swift */,
				FCFEC0A024A4E66500A19B54 /* GenresCell.xib */,
				FCFEC0A324A4E75A00A19B54 /* GenresItem.swift */,
				FCFEC0A424A4E75A00A19B54 /* GenresItem.xib */,
			);
			path = Genres;
			sourceTree = "<group>";
		};
		FCFEC0AD24A4F98200A19B54 /* Movie List */ = {
			isa = PBXGroup;
			children = (
				FCFEC0AE24A4FA3A00A19B54 /* MovieListCell.swift */,
				FCFEC0AF24A4FA3A00A19B54 /* MovieListCell.xib */,
			);
			path = "Movie List";
			sourceTree = "<group>";
		};
/* End PBXGroup section */

/* Begin PBXNativeTarget section */
		FC25411224A31DEA006363CC /* CineMix */ = {
			isa = PBXNativeTarget;
			buildConfigurationList = FC25412724A31DEB006363CC /* Build configuration list for PBXNativeTarget "CineMix" */;
			buildPhases = (
				FC25410F24A31DEA006363CC /* Sources */,
				FC25411024A31DEA006363CC /* Frameworks */,
				FC25411124A31DEA006363CC /* Resources */,
			);
			buildRules = (
			);
			dependencies = (
			);
			name = CineMix;
			productName = CineMix;
			productReference = FC25411324A31DEA006363CC /* CineMix.app */;
			productType = "com.apple.product-type.application";
		};
/* End PBXNativeTarget section */

/* Begin PBXProject section */
		FC25410B24A31DEA006363CC /* Project object */ = {
			isa = PBXProject;
			attributes = {
				LastSwiftUpdateCheck = 1150;
				LastUpgradeCheck = 1150;
				ORGANIZATIONNAME = omrobbie;
				TargetAttributes = {
					FC25411224A31DEA006363CC = {
						CreatedOnToolsVersion = 11.5;
					};
				};
			};
			buildConfigurationList = FC25410E24A31DEA006363CC /* Build configuration list for PBXProject "CineMix" */;
			compatibilityVersion = "Xcode 9.3";
			developmentRegion = en;
			hasScannedForEncodings = 0;
			knownRegions = (
				en,
				Base,
			);
			mainGroup = FC25410A24A31DEA006363CC;
			productRefGroup = FC25411424A31DEA006363CC /* Products */;
			projectDirPath = "";
			projectRoot = "";
			targets = (
				FC25411224A31DEA006363CC /* CineMix */,
			);
		};
/* End PBXProject section */

/* Begin PBXResourcesBuildPhase section */
		FC25411124A31DEA006363CC /* Resources */ = {
			isa = PBXResourcesBuildPhase;
			buildActionMask = 2147483647;
			files = (
				FC25412B24A31E45006363CC /* Config.plist in Resources */,
				FCFEC08D24A4BEF200A19B54 /* VideosCell.xib in Resources */,
				FCFEC08724A4A52500A19B54 /* MoviesItem.xib in Resources */,
				FCFEC05824A3819500A19B54 /* MainVC.xib in Resources */,
				FC25412324A31DEB006363CC /* LaunchScreen.storyboard in Resources */,
				FC25413B24A32FC3006363CC /* MovieItem.xib in Resources */,
				FCFEC0A624A4E75A00A19B54 /* GenresItem.xib in Resources */,
				FCFEC06224A3821A00A19B54 /* ReviewsVC.xib in Resources */,
				FCFEC06E24A4552F00A19B54 /* TopCreditItem.xib in Resources */,
				FCFEC0A224A4E66500A19B54 /* GenresCell.xib in Resources */,
				FC25413024A3263B006363CC /* README.md in Resources */,
				FCFEC05E24A3820200A19B54 /* VideosVC.xib in Resources */,
				FC25413724A32D30006363CC /* MovieCell.xib in Resources */,
				FCFEC06A24A451E500A19B54 /* TopCreditCell.xib in Resources */,
				FC25412024A31DEB006363CC /* Assets.xcassets in Resources */,
				FCFEC0B124A4FA3A00A19B54 /* MovieListCell.xib in Resources */,
				FCFEC06624A4427600A19B54 /* OverviewCell.xib in Resources */,
				FC25411E24A31DEA006363CC /* Main.storyboard in Resources */,
				FCFEC07F24A49E1500A19B54 /* BiographyCell.xib in Resources */,
				FCFEC08324A4A2B800A19B54 /* MoviesCell.xib in Resources */,
				FCFEC09724A4DF3E00A19B54 /* ReviewsCell.xib in Resources */,
			);
			runOnlyForDeploymentPostprocessing = 0;
		};
/* End PBXResourcesBuildPhase section */

/* Begin PBXSourcesBuildPhase section */
		FC25410F24A31DEA006363CC /* Sources */ = {
			isa = PBXSourcesBuildPhase;
			buildActionMask = 2147483647;
			files = (
				FCFEC07A24A493CD00A19B54 /* Person.swift in Sources */,
				FC25414324A34488006363CC /* MovieService.swift in Sources */,
				FCFEC05724A3819500A19B54 /* MainVC.swift in Sources */,
				FC25411B24A31DEA006363CC /* HomeVC.swift in Sources */,
				FCFEC07224A460E300A19B54 /* MovieCreditsService.swift in Sources */,
				FCFEC09624A4DF3E00A19B54 /* ReviewsCell.swift in Sources */,
				FCFEC08F24A4C21000A19B54 /* Videos.swift in Sources */,
				FCFEC07424A4861C00A19B54 /* CreditDetailVC.swift in Sources */,
				FCFEC06D24A4552F00A19B54 /* TopCreditItem.swift in Sources */,
				FCFEC0A824A4EB4800A19B54 /* Genres.swift in Sources */,
				FCFEC07E24A49E1500A19B54 /* BiographyCell.swift in Sources */,
				FCFEC0A524A4E75A00A19B54 /* GenresItem.swift in Sources */,
				FCFEC09124A4C48900A19B54 /* VideosService.swift in Sources */,
				FCFEC0A124A4E66500A19B54 /* GenresCell.swift in Sources */,
				FCFEC09924A4E0B400A19B54 /* Reviews.swift in Sources */,
				FCFEC0AA24A4EC2000A19B54 /* GenreService.swift in Sources */,
				FCFEC07624A487C700A19B54 /* CreditDetailDelegate.swift in Sources */,
				FC25412E24A31F2F006363CC /* Config.swift in Sources */,
				FC25414524A365FD006363CC /* MovieListVC.swift in Sources */,
				FC25413E24A342C8006363CC /* Movie.swift in Sources */,
				FC25414C24A37141006363CC /* MovieDetailVC.swift in Sources */,
				FCFEC08624A4A52500A19B54 /* MoviesItem.swift in Sources */,
				FC25414824A368DA006363CC /* MovieListDelegate.swift in Sources */,
				FCFEC06124A3821A00A19B54 /* ReviewsVC.swift in Sources */,
				FC25413624A32D30006363CC /* MovieCell.swift in Sources */,
				FCFEC08C24A4BEF200A19B54 /* VideosCell.swift in Sources */,
				FCFEC06924A451E500A19B54 /* TopCreditCell.swift in Sources */,
				FC25415024A37D56006363CC /* DateFormatter.swift in Sources */,
				FCFEC07024A45E9100A19B54 /* Credits.swift in Sources */,
				FCFEC08224A4A2B800A19B54 /* MoviesCell.swift in Sources */,
				FCFEC09B24A4E27400A19B54 /* ReviewsService.swift in Sources */,
				FC25411724A31DEA006363CC /* AppDelegate.swift in Sources */,
				FCFEC06524A4427600A19B54 /* OverviewCell.swift in Sources */,
				FC25413A24A32FC3006363CC /* MovieItem.swift in Sources */,
				FCFEC0AC24A4F13B00A19B54 /* GenreDelegate.swift in Sources */,
				FCFEC05D24A3820200A19B54 /* VideosVC.swift in Sources */,
				FC25414124A342FC006363CC /* ApiService.swift in Sources */,
				FC25411924A31DEA006363CC /* SceneDelegate.swift in Sources */,
				FCFEC0B024A4FA3A00A19B54 /* MovieListCell.swift in Sources */,
				FC25414A24A36DE8006363CC /* Constants.swift in Sources */,
				FCFEC08924A4AB8300A19B54 /* DiscoverService.swift in Sources */,
			);
			runOnlyForDeploymentPostprocessing = 0;
		};
/* End PBXSourcesBuildPhase section */

/* Begin PBXVariantGroup section */
		FC25411C24A31DEA006363CC /* Main.storyboard */ = {
			isa = PBXVariantGroup;
			children = (
				FC25411D24A31DEA006363CC /* Base */,
			);
			name = Main.storyboard;
			sourceTree = "<group>";
		};
		FC25412124A31DEB006363CC /* LaunchScreen.storyboard */ = {
			isa = PBXVariantGroup;
			children = (
				FC25412224A31DEB006363CC /* Base */,
			);
			name = LaunchScreen.storyboard;
			sourceTree = "<group>";
		};
/* End PBXVariantGroup section */

/* Begin XCBuildConfiguration section */
		FC25412524A31DEB006363CC /* Debug */ = {
			isa = XCBuildConfiguration;
			buildSettings = {
				ALWAYS_SEARCH_USER_PATHS = NO;
				CLANG_ANALYZER_NONNULL = YES;
				CLANG_ANALYZER_NUMBER_OBJECT_CONVERSION = YES_AGGRESSIVE;
				CLANG_CXX_LANGUAGE_STANDARD = "gnu++14";
				CLANG_CXX_LIBRARY = "libc++";
				CLANG_ENABLE_MODULES = YES;
				CLANG_ENABLE_OBJC_ARC = YES;
				CLANG_ENABLE_OBJC_WEAK = YES;
				CLANG_WARN_BLOCK_CAPTURE_AUTORELEASING = YES;
				CLANG_WARN_BOOL_CONVERSION = YES;
				CLANG_WARN_COMMA = YES;
				CLANG_WARN_CONSTANT_CONVERSION = YES;
				CLANG_WARN_DEPRECATED_OBJC_IMPLEMENTATIONS = YES;
				CLANG_WARN_DIRECT_OBJC_ISA_USAGE = YES_ERROR;
				CLANG_WARN_DOCUMENTATION_COMMENTS = YES;
				CLANG_WARN_EMPTY_BODY = YES;
				CLANG_WARN_ENUM_CONVERSION = YES;
				CLANG_WARN_INFINITE_RECURSION = YES;
				CLANG_WARN_INT_CONVERSION = YES;
				CLANG_WARN_NON_LITERAL_NULL_CONVERSION = YES;
				CLANG_WARN_OBJC_IMPLICIT_RETAIN_SELF = YES;
				CLANG_WARN_OBJC_LITERAL_CONVERSION = YES;
				CLANG_WARN_OBJC_ROOT_CLASS = YES_ERROR;
				CLANG_WARN_RANGE_LOOP_ANALYSIS = YES;
				CLANG_WARN_STRICT_PROTOTYPES = YES;
				CLANG_WARN_SUSPICIOUS_MOVE = YES;
				CLANG_WARN_UNGUARDED_AVAILABILITY = YES_AGGRESSIVE;
				CLANG_WARN_UNREACHABLE_CODE = YES;
				CLANG_WARN__DUPLICATE_METHOD_MATCH = YES;
				COPY_PHASE_STRIP = NO;
				DEBUG_INFORMATION_FORMAT = dwarf;
				ENABLE_STRICT_OBJC_MSGSEND = YES;
				ENABLE_TESTABILITY = YES;
				GCC_C_LANGUAGE_STANDARD = gnu11;
				GCC_DYNAMIC_NO_PIC = NO;
				GCC_NO_COMMON_BLOCKS = YES;
				GCC_OPTIMIZATION_LEVEL = 0;
				GCC_PREPROCESSOR_DEFINITIONS = (
					"DEBUG=1",
					"$(inherited)",
				);
				GCC_WARN_64_TO_32_BIT_CONVERSION = YES;
				GCC_WARN_ABOUT_RETURN_TYPE = YES_ERROR;
				GCC_WARN_UNDECLARED_SELECTOR = YES;
				GCC_WARN_UNINITIALIZED_AUTOS = YES_AGGRESSIVE;
				GCC_WARN_UNUSED_FUNCTION = YES;
				GCC_WARN_UNUSED_VARIABLE = YES;
				IPHONEOS_DEPLOYMENT_TARGET = 13.5;
				MTL_ENABLE_DEBUG_INFO = INCLUDE_SOURCE;
				MTL_FAST_MATH = YES;
				ONLY_ACTIVE_ARCH = YES;
				SDKROOT = iphoneos;
				SWIFT_ACTIVE_COMPILATION_CONDITIONS = DEBUG;
				SWIFT_OPTIMIZATION_LEVEL = "-Onone";
			};
			name = Debug;
		};
		FC25412624A31DEB006363CC /* Release */ = {
			isa = XCBuildConfiguration;
			buildSettings = {
				ALWAYS_SEARCH_USER_PATHS = NO;
				CLANG_ANALYZER_NONNULL = YES;
				CLANG_ANALYZER_NUMBER_OBJECT_CONVERSION = YES_AGGRESSIVE;
				CLANG_CXX_LANGUAGE_STANDARD = "gnu++14";
				CLANG_CXX_LIBRARY = "libc++";
				CLANG_ENABLE_MODULES = YES;
				CLANG_ENABLE_OBJC_ARC = YES;
				CLANG_ENABLE_OBJC_WEAK = YES;
				CLANG_WARN_BLOCK_CAPTURE_AUTORELEASING = YES;
				CLANG_WARN_BOOL_CONVERSION = YES;
				CLANG_WARN_COMMA = YES;
				CLANG_WARN_CONSTANT_CONVERSION = YES;
				CLANG_WARN_DEPRECATED_OBJC_IMPLEMENTATIONS = YES;
				CLANG_WARN_DIRECT_OBJC_ISA_USAGE = YES_ERROR;
				CLANG_WARN_DOCUMENTATION_COMMENTS = YES;
				CLANG_WARN_EMPTY_BODY = YES;
				CLANG_WARN_ENUM_CONVERSION = YES;
				CLANG_WARN_INFINITE_RECURSION = YES;
				CLANG_WARN_INT_CONVERSION = YES;
				CLANG_WARN_NON_LITERAL_NULL_CONVERSION = YES;
				CLANG_WARN_OBJC_IMPLICIT_RETAIN_SELF = YES;
				CLANG_WARN_OBJC_LITERAL_CONVERSION = YES;
				CLANG_WARN_OBJC_ROOT_CLASS = YES_ERROR;
				CLANG_WARN_RANGE_LOOP_ANALYSIS = YES;
				CLANG_WARN_STRICT_PROTOTYPES = YES;
				CLANG_WARN_SUSPICIOUS_MOVE = YES;
				CLANG_WARN_UNGUARDED_AVAILABILITY = YES_AGGRESSIVE;
				CLANG_WARN_UNREACHABLE_CODE = YES;
				CLANG_WARN__DUPLICATE_METHOD_MATCH = YES;
				COPY_PHASE_STRIP = NO;
				DEBUG_INFORMATION_FORMAT = "dwarf-with-dsym";
				ENABLE_NS_ASSERTIONS = NO;
				ENABLE_STRICT_OBJC_MSGSEND = YES;
				GCC_C_LANGUAGE_STANDARD = gnu11;
				GCC_NO_COMMON_BLOCKS = YES;
				GCC_WARN_64_TO_32_BIT_CONVERSION = YES;
				GCC_WARN_ABOUT_RETURN_TYPE = YES_ERROR;
				GCC_WARN_UNDECLARED_SELECTOR = YES;
				GCC_WARN_UNINITIALIZED_AUTOS = YES_AGGRESSIVE;
				GCC_WARN_UNUSED_FUNCTION = YES;
				GCC_WARN_UNUSED_VARIABLE = YES;
				IPHONEOS_DEPLOYMENT_TARGET = 13.5;
				MTL_ENABLE_DEBUG_INFO = NO;
				MTL_FAST_MATH = YES;
				SDKROOT = iphoneos;
				SWIFT_COMPILATION_MODE = wholemodule;
				SWIFT_OPTIMIZATION_LEVEL = "-O";
				VALIDATE_PRODUCT = YES;
			};
			name = Release;
		};
		FC25412824A31DEB006363CC /* Debug */ = {
			isa = XCBuildConfiguration;
			buildSettings = {
				ASSETCATALOG_COMPILER_APPICON_NAME = AppIcon;
				CODE_SIGN_STYLE = Automatic;
				INFOPLIST_FILE = CineMix/Info.plist;
				LD_RUNPATH_SEARCH_PATHS = (
					"$(inherited)",
					"@executable_path/Frameworks",
				);
				PRODUCT_BUNDLE_IDENTIFIER = com.omrobbie.CineMix;
				PRODUCT_NAME = "$(TARGET_NAME)";
				SWIFT_VERSION = 5.0;
				TARGETED_DEVICE_FAMILY = "1,2";
			};
			name = Debug;
		};
		FC25412924A31DEB006363CC /* Release */ = {
			isa = XCBuildConfiguration;
			buildSettings = {
				ASSETCATALOG_COMPILER_APPICON_NAME = AppIcon;
				CODE_SIGN_STYLE = Automatic;
				INFOPLIST_FILE = CineMix/Info.plist;
				LD_RUNPATH_SEARCH_PATHS = (
					"$(inherited)",
					"@executable_path/Frameworks",
				);
				PRODUCT_BUNDLE_IDENTIFIER = com.omrobbie.CineMix;
				PRODUCT_NAME = "$(TARGET_NAME)";
				SWIFT_VERSION = 5.0;
				TARGETED_DEVICE_FAMILY = "1,2";
			};
			name = Release;
		};
/* End XCBuildConfiguration section */

/* Begin XCConfigurationList section */
		FC25410E24A31DEA006363CC /* Build configuration list for PBXProject "CineMix" */ = {
			isa = XCConfigurationList;
			buildConfigurations = (
				FC25412524A31DEB006363CC /* Debug */,
				FC25412624A31DEB006363CC /* Release */,
			);
			defaultConfigurationIsVisible = 0;
			defaultConfigurationName = Release;
		};
		FC25412724A31DEB006363CC /* Build configuration list for PBXNativeTarget "CineMix" */ = {
			isa = XCConfigurationList;
			buildConfigurations = (
				FC25412824A31DEB006363CC /* Debug */,
				FC25412924A31DEB006363CC /* Release */,
			);
			defaultConfigurationIsVisible = 0;
			defaultConfigurationName = Release;
		};
/* End XCConfigurationList section */
	};
	rootObject = FC25410B24A31DEA006363CC /* Project object */;
}
