// !$*UTF8*$!
{
	archiveVersion = 1;
	classes = {
	};
	objectVersion = 50;
	objects = {

/* Begin PBXBuildFile section */
		FC25411724A31DEA006363CC /* AppDelegate.swift in Sources */ = {isa = PBXBuildFile; fileRef = FC25411624A31DEA006363CC /* AppDelegate.swift */; };
		FC25411924A31DEA006363CC /* SceneDelegate.swift in Sources */ = {isa = PBXBuildFile; fileRef = FC25411824A31DEA006363CC /* SceneDelegate.swift */; };
		FC25411B24A31DEA006363CC /* ViewController.swift in Sources */ = {isa = PBXBuildFile; fileRef = FC25411A24A31DEA006363CC /* ViewController.swift */; };
		FC25411E24A31DEA006363CC /* Main.storyboard in Resources */ = {isa = PBXBuildFile; fileRef = FC25411C24A31DEA006363CC /* Main.storyboard */; };
		FC25412024A31DEB006363CC /* Assets.xcassets in Resources */ = {isa = PBXBuildFile; fileRef = FC25411F24A31DEB006363CC /* Assets.xcassets */; };
		FC25412324A31DEB006363CC /* LaunchScreen.storyboard in Resources */ = {isa = PBXBuildFile; fileRef = FC25412124A31DEB006363CC /* LaunchScreen.storyboard */; };
		FC25412B24A31E45006363CC /* Config.plist in Resources */ = {isa = PBXBuildFile; fileRef = FC25412A24A31E45006363CC /* Config.plist */; };
		FC25412E24A31F2F006363CC /* Config.swift in Sources */ = {isa = PBXBuildFile; fileRef = FC25412D24A31F2F006363CC /* Config.swift */; };
		FC25413024A3263B006363CC /* README.md in Resources */ = {isa = PBXBuildFile; fileRef = FC25412F24A3263B006363CC /* README.md */; };
/* End PBXBuildFile section */

/* Begin PBXFileReference section */
		FC25411324A31DEA006363CC /* CineMix.app */ = {isa = PBXFileReference; explicitFileType = wrapper.application; includeInIndex = 0; path = CineMix.app; sourceTree = BUILT_PRODUCTS_DIR; };
		FC25411624A31DEA006363CC /* AppDelegate.swift */ = {isa = PBXFileReference; lastKnownFileType = sourcecode.swift; path = AppDelegate.swift; sourceTree = "<group>"; };
		FC25411824A31DEA006363CC /* SceneDelegate.swift */ = {isa = PBXFileReference; lastKnownFileType = sourcecode.swift; path = SceneDelegate.swift; sourceTree = "<group>"; };
		FC25411A24A31DEA006363CC /* ViewController.swift */ = {isa = PBXFileReference; lastKnownFileType = sourcecode.swift; path = ViewController.swift; sourceTree = "<group>"; };
		FC25411D24A31DEA006363CC /* Base */ = {isa = PBXFileReference; lastKnownFileType = file.storyboard; name = Base; path = Base.lproj/Main.storyboard; sourceTree = "<group>"; };
		FC25411F24A31DEB006363CC /* Assets.xcassets */ = {isa = PBXFileReference; lastKnownFileType = folder.assetcatalog; path = Assets.xcassets; sourceTree = "<group>"; };
		FC25412224A31DEB006363CC /* Base */ = {isa = PBXFileReference; lastKnownFileType = file.storyboard; name = Base; path = Base.lproj/LaunchScreen.storyboard; sourceTree = "<group>"; };
		FC25412424A31DEB006363CC /* Info.plist */ = {isa = PBXFileReference; lastKnownFileType = text.plist.xml; path = Info.plist; sourceTree = "<group>"; };
		FC25412A24A31E45006363CC /* Config.plist */ = {isa = PBXFileReference; lastKnownFileType = text.plist.xml; path = Config.plist; sourceTree = "<group>"; };
		FC25412D24A31F2F006363CC /* Config.swift */ = {isa = PBXFileReference; lastKnownFileType = sourcecode.swift; path = Config.swift; sourceTree = "<group>"; };
		FC25412F24A3263B006363CC /* README.md */ = {isa = PBXFileReference; lastKnownFileType = net.daringfireball.markdown; path = README.md; sourceTree = "<group>"; };
/* End PBXFileReference section */

/* Begin PBXFrameworksBuildPhase section */
		FC25411024A31DEA006363CC /* Frameworks */ = {
			isa = PBXFrameworksBuildPhase;
			buildActionMask = 2147483647;
			files = (
			);
			runOnlyForDeploymentPostprocessing = 0;
		};
/* End PBXFrameworksBuildPhase section */

/* Begin PBXGroup section */
		FC25410A24A31DEA006363CC = {
			isa = PBXGroup;
			children = (
				FC25411524A31DEA006363CC /* CineMix */,
				FC25411424A31DEA006363CC /* Products */,
			);
			sourceTree = "<group>";
		};
		FC25411424A31DEA006363CC /* Products */ = {
			isa = PBXGroup;
			children = (
				FC25411324A31DEA006363CC /* CineMix.app */,
			);
			name = Products;
			sourceTree = "<group>";
		};
		FC25411524A31DEA006363CC /* CineMix */ = {
			isa = PBXGroup;
			children = (
				FC25411624A31DEA006363CC /* AppDelegate.swift */,
				FC25411824A31DEA006363CC /* SceneDelegate.swift */,
				FC25411A24A31DEA006363CC /* ViewController.swift */,
				FC25411C24A31DEA006363CC /* Main.storyboard */,
				FC25412C24A31EF4006363CC /* Utilities */,
				FC25411F24A31DEB006363CC /* Assets.xcassets */,
				FC25412124A31DEB006363CC /* LaunchScreen.storyboard */,
				FC25412424A31DEB006363CC /* Info.plist */,
				FC25412A24A31E45006363CC /* Config.plist */,
				FC25412F24A3263B006363CC /* README.md */,
			);
			path = CineMix;
			sourceTree = "<group>";
		};
		FC25412C24A31EF4006363CC /* Utilities */ = {
			isa = PBXGroup;
			children = (
				FC25412D24A31F2F006363CC /* Config.swift */,
			);
			path = Utilities;
			sourceTree = "<group>";
		};
/* End PBXGroup section */

/* Begin PBXNativeTarget section */
		FC25411224A31DEA006363CC /* CineMix */ = {
			isa = PBXNativeTarget;
			buildConfigurationList = FC25412724A31DEB006363CC /* Build configuration list for PBXNativeTarget "CineMix" */;
			buildPhases = (
				FC25410F24A31DEA006363CC /* Sources */,
				FC25411024A31DEA006363CC /* Frameworks */,
				FC25411124A31DEA006363CC /* Resources */,
			);
			buildRules = (
			);
			dependencies = (
			);
			name = CineMix;
			productName = CineMix;
			productReference = FC25411324A31DEA006363CC /* CineMix.app */;
			productType = "com.apple.product-type.application";
		};
/* End PBXNativeTarget section */

/* Begin PBXProject section */
		FC25410B24A31DEA006363CC /* Project object */ = {
			isa = PBXProject;
			attributes = {
				LastSwiftUpdateCheck = 1150;
				LastUpgradeCheck = 1150;
				ORGANIZATIONNAME = omrobbie;
				TargetAttributes = {
					FC25411224A31DEA006363CC = {
						CreatedOnToolsVersion = 11.5;
					};
				};
			};
			buildConfigurationList = FC25410E24A31DEA006363CC /* Build configuration list for PBXProject "CineMix" */;
			compatibilityVersion = "Xcode 9.3";
			developmentRegion = en;
			hasScannedForEncodings = 0;
			knownRegions = (
				en,
				Base,
			);
			mainGroup = FC25410A24A31DEA006363CC;
			productRefGroup = FC25411424A31DEA006363CC /* Products */;
			projectDirPath = "";
			projectRoot = "";
			targets = (
				FC25411224A31DEA006363CC /* CineMix */,
			);
		};
/* End PBXProject section */

/* Begin PBXResourcesBuildPhase section */
		FC25411124A31DEA006363CC /* Resources */ = {
			isa = PBXResourcesBuildPhase;
			buildActionMask = 2147483647;
			files = (
				FC25412B24A31E45006363CC /* Config.plist in Resources */,
				FC25412324A31DEB006363CC /* LaunchScreen.storyboard in Resources */,
				FC25413024A3263B006363CC /* README.md in Resources */,
				FC25412024A31DEB006363CC /* Assets.xcassets in Resources */,
				FC25411E24A31DEA006363CC /* Main.storyboard in Resources */,
			);
			runOnlyForDeploymentPostprocessing = 0;
		};
/* End PBXResourcesBuildPhase section */

/* Begin PBXSourcesBuildPhase section */
		FC25410F24A31DEA006363CC /* Sources */ = {
			isa = PBXSourcesBuildPhase;
			buildActionMask = 2147483647;
			files = (
				FC25411B24A31DEA006363CC /* ViewController.swift in Sources */,
				FC25412E24A31F2F006363CC /* Config.swift in Sources */,
				FC25411724A31DEA006363CC /* AppDelegate.swift in Sources */,
				FC25411924A31DEA006363CC /* SceneDelegate.swift in Sources */,
			);
			runOnlyForDeploymentPostprocessing = 0;
		};
/* End PBXSourcesBuildPhase section */

/* Begin PBXVariantGroup section */
		FC25411C24A31DEA006363CC /* Main.storyboard */ = {
			isa = PBXVariantGroup;
			children = (
				FC25411D24A31DEA006363CC /* Base */,
			);
			name = Main.storyboard;
			sourceTree = "<group>";
		};
		FC25412124A31DEB006363CC /* LaunchScreen.storyboard */ = {
			isa = PBXVariantGroup;
			children = (
				FC25412224A31DEB006363CC /* Base */,
			);
			name = LaunchScreen.storyboard;
			sourceTree = "<group>";
		};
/* End PBXVariantGroup section */

/* Begin XCBuildConfiguration section */
		FC25412524A31DEB006363CC /* Debug */ = {
			isa = XCBuildConfiguration;
			buildSettings = {
				ALWAYS_SEARCH_USER_PATHS = NO;
				CLANG_ANALYZER_NONNULL = YES;
				CLANG_ANALYZER_NUMBER_OBJECT_CONVERSION = YES_AGGRESSIVE;
				CLANG_CXX_LANGUAGE_STANDARD = "gnu++14";
				CLANG_CXX_LIBRARY = "libc++";
				CLANG_ENABLE_MODULES = YES;
				CLANG_ENABLE_OBJC_ARC = YES;
				CLANG_ENABLE_OBJC_WEAK = YES;
				CLANG_WARN_BLOCK_CAPTURE_AUTORELEASING = YES;
				CLANG_WARN_BOOL_CONVERSION = YES;
				CLANG_WARN_COMMA = YES;
				CLANG_WARN_CONSTANT_CONVERSION = YES;
				CLANG_WARN_DEPRECATED_OBJC_IMPLEMENTATIONS = YES;
				CLANG_WARN_DIRECT_OBJC_ISA_USAGE = YES_ERROR;
				CLANG_WARN_DOCUMENTATION_COMMENTS = YES;
				CLANG_WARN_EMPTY_BODY = YES;
				CLANG_WARN_ENUM_CONVERSION = YES;
				CLANG_WARN_INFINITE_RECURSION = YES;
				CLANG_WARN_INT_CONVERSION = YES;
				CLANG_WARN_NON_LITERAL_NULL_CONVERSION = YES;
				CLANG_WARN_OBJC_IMPLICIT_RETAIN_SELF = YES;
				CLANG_WARN_OBJC_LITERAL_CONVERSION = YES;
				CLANG_WARN_OBJC_ROOT_CLASS = YES_ERROR;
				CLANG_WARN_RANGE_LOOP_ANALYSIS = YES;
				CLANG_WARN_STRICT_PROTOTYPES = YES;
				CLANG_WARN_SUSPICIOUS_MOVE = YES;
				CLANG_WARN_UNGUARDED_AVAILABILITY = YES_AGGRESSIVE;
				CLANG_WARN_UNREACHABLE_CODE = YES;
				CLANG_WARN__DUPLICATE_METHOD_MATCH = YES;
				COPY_PHASE_STRIP = NO;
				DEBUG_INFORMATION_FORMAT = dwarf;
				ENABLE_STRICT_OBJC_MSGSEND = YES;
				ENABLE_TESTABILITY = YES;
				GCC_C_LANGUAGE_STANDARD = gnu11;
				GCC_DYNAMIC_NO_PIC = NO;
				GCC_NO_COMMON_BLOCKS = YES;
				GCC_OPTIMIZATION_LEVEL = 0;
				GCC_PREPROCESSOR_DEFINITIONS = (
					"DEBUG=1",
					"$(inherited)",
				);
				GCC_WARN_64_TO_32_BIT_CONVERSION = YES;
				GCC_WARN_ABOUT_RETURN_TYPE = YES_ERROR;
				GCC_WARN_UNDECLARED_SELECTOR = YES;
				GCC_WARN_UNINITIALIZED_AUTOS = YES_AGGRESSIVE;
				GCC_WARN_UNUSED_FUNCTION = YES;
				GCC_WARN_UNUSED_VARIABLE = YES;
				IPHONEOS_DEPLOYMENT_TARGET = 13.5;
				MTL_ENABLE_DEBUG_INFO = INCLUDE_SOURCE;
				MTL_FAST_MATH = YES;
				ONLY_ACTIVE_ARCH = YES;
				SDKROOT = iphoneos;
				SWIFT_ACTIVE_COMPILATION_CONDITIONS = DEBUG;
				SWIFT_OPTIMIZATION_LEVEL = "-Onone";
			};
			name = Debug;
		};
		FC25412624A31DEB006363CC /* Release */ = {
			isa = XCBuildConfiguration;
			buildSettings = {
				ALWAYS_SEARCH_USER_PATHS = NO;
				CLANG_ANALYZER_NONNULL = YES;
				CLANG_ANALYZER_NUMBER_OBJECT_CONVERSION = YES_AGGRESSIVE;
				CLANG_CXX_LANGUAGE_STANDARD = "gnu++14";
				CLANG_CXX_LIBRARY = "libc++";
				CLANG_ENABLE_MODULES = YES;
				CLANG_ENABLE_OBJC_ARC = YES;
				CLANG_ENABLE_OBJC_WEAK = YES;
				CLANG_WARN_BLOCK_CAPTURE_AUTORELEASING = YES;
				CLANG_WARN_BOOL_CONVERSION = YES;
				CLANG_WARN_COMMA = YES;
				CLANG_WARN_CONSTANT_CONVERSION = YES;
				CLANG_WARN_DEPRECATED_OBJC_IMPLEMENTATIONS = YES;
				CLANG_WARN_DIRECT_OBJC_ISA_USAGE = YES_ERROR;
				CLANG_WARN_DOCUMENTATION_COMMENTS = YES;
				CLANG_WARN_EMPTY_BODY = YES;
				CLANG_WARN_ENUM_CONVERSION = YES;
				CLANG_WARN_INFINITE_RECURSION = YES;
				CLANG_WARN_INT_CONVERSION = YES;
				CLANG_WARN_NON_LITERAL_NULL_CONVERSION = YES;
				CLANG_WARN_OBJC_IMPLICIT_RETAIN_SELF = YES;
				CLANG_WARN_OBJC_LITERAL_CONVERSION = YES;
				CLANG_WARN_OBJC_ROOT_CLASS = YES_ERROR;
				CLANG_WARN_RANGE_LOOP_ANALYSIS = YES;
				CLANG_WARN_STRICT_PROTOTYPES = YES;
				CLANG_WARN_SUSPICIOUS_MOVE = YES;
				CLANG_WARN_UNGUARDED_AVAILABILITY = YES_AGGRESSIVE;
				CLANG_WARN_UNREACHABLE_CODE = YES;
				CLANG_WARN__DUPLICATE_METHOD_MATCH = YES;
				COPY_PHASE_STRIP = NO;
				DEBUG_INFORMATION_FORMAT = "dwarf-with-dsym";
				ENABLE_NS_ASSERTIONS = NO;
				ENABLE_STRICT_OBJC_MSGSEND = YES;
				GCC_C_LANGUAGE_STANDARD = gnu11;
				GCC_NO_COMMON_BLOCKS = YES;
				GCC_WARN_64_TO_32_BIT_CONVERSION = YES;
				GCC_WARN_ABOUT_RETURN_TYPE = YES_ERROR;
				GCC_WARN_UNDECLARED_SELECTOR = YES;
				GCC_WARN_UNINITIALIZED_AUTOS = YES_AGGRESSIVE;
				GCC_WARN_UNUSED_FUNCTION = YES;
				GCC_WARN_UNUSED_VARIABLE = YES;
				IPHONEOS_DEPLOYMENT_TARGET = 13.5;
				MTL_ENABLE_DEBUG_INFO = NO;
				MTL_FAST_MATH = YES;
				SDKROOT = iphoneos;
				SWIFT_COMPILATION_MODE = wholemodule;
				SWIFT_OPTIMIZATION_LEVEL = "-O";
				VALIDATE_PRODUCT = YES;
			};
			name = Release;
		};
		FC25412824A31DEB006363CC /* Debug */ = {
			isa = XCBuildConfiguration;
			buildSettings = {
				ASSETCATALOG_COMPILER_APPICON_NAME = AppIcon;
				CODE_SIGN_STYLE = Automatic;
				INFOPLIST_FILE = CineMix/Info.plist;
				LD_RUNPATH_SEARCH_PATHS = (
					"$(inherited)",
					"@executable_path/Frameworks",
				);
				PRODUCT_BUNDLE_IDENTIFIER = com.omrobbie.CineMix;
				PRODUCT_NAME = "$(TARGET_NAME)";
				SWIFT_VERSION = 5.0;
				TARGETED_DEVICE_FAMILY = "1,2";
			};
			name = Debug;
		};
		FC25412924A31DEB006363CC /* Release */ = {
			isa = XCBuildConfiguration;
			buildSettings = {
				ASSETCATALOG_COMPILER_APPICON_NAME = AppIcon;
				CODE_SIGN_STYLE = Automatic;
				INFOPLIST_FILE = CineMix/Info.plist;
				LD_RUNPATH_SEARCH_PATHS = (
					"$(inherited)",
					"@executable_path/Frameworks",
				);
				PRODUCT_BUNDLE_IDENTIFIER = com.omrobbie.CineMix;
				PRODUCT_NAME = "$(TARGET_NAME)";
				SWIFT_VERSION = 5.0;
				TARGETED_DEVICE_FAMILY = "1,2";
			};
			name = Release;
		};
/* End XCBuildConfiguration section */

/* Begin XCConfigurationList section */
		FC25410E24A31DEA006363CC /* Build configuration list for PBXProject "CineMix" */ = {
			isa = XCConfigurationList;
			buildConfigurations = (
				FC25412524A31DEB006363CC /* Debug */,
				FC25412624A31DEB006363CC /* Release */,
			);
			defaultConfigurationIsVisible = 0;
			defaultConfigurationName = Release;
		};
		FC25412724A31DEB006363CC /* Build configuration list for PBXNativeTarget "CineMix" */ = {
			isa = XCConfigurationList;
			buildConfigurations = (
				FC25412824A31DEB006363CC /* Debug */,
				FC25412924A31DEB006363CC /* Release */,
			);
			defaultConfigurationIsVisible = 0;
			defaultConfigurationName = Release;
		};
/* End XCConfigurationList section */
	};
	rootObject = FC25410B24A31DEA006363CC /* Project object */;
}
